
Microsoft Visual Studio Solution File, Format Version 12.00
# Visual Studio Version 16
VisualStudioVersion = 16.0.32002.261
MinimumVisualStudioVersion = 10.0.40219.1
Project("{FAE04EC0-301F-11D3-BF4B-00C04F79EFBC}") = "importService-Client", "importService-Client\importService-Client.csproj", "{9CFFCD77-806C-4ACC-89C2-A3D2092ACB86}"
EndProject
Global
	GlobalSection(SolutionConfigurationPlatforms) = preSolution
		Debug|Any CPU = Debug|Any CPU
		Release|Any CPU = Release|Any CPU
	EndGlobalSection
	GlobalSection(ProjectConfigurationPlatforms) = postSolution
		{9CFFCD77-806C-4ACC-89C2-A3D2092ACB86}.Debug|Any CPU.ActiveCfg = Debug|Any CPU
		{9CFFCD77-806C-4ACC-89C2-A3D2092ACB86}.Debug|Any CPU.Build.0 = Debug|Any CPU
		{9CFFCD77-806C-4ACC-89C2-A3D2092ACB86}.Release|Any CPU.ActiveCfg = Release|Any CPU
		{9CFFCD77-806C-4ACC-89C2-A3D2092ACB86}.Release|Any CPU.Build.0 = Release|Any CPU
	EndGlobalSection
	GlobalSection(SolutionProperties) = preSolution
		HideSolutionNode = FALSE
	EndGlobalSection
	GlobalSection(ExtensibilityGlobals) = postSolution
		SolutionGuid = {81787A49-FC43-462A-912F-654EAB80CDE4}
	EndGlobalSection
EndGlobal
